
Microsoft Visual Studio Solution File, Format Version 12.00
# Visual Studio 2012
Project("{FAE04EC0-301F-11D3-BF4B-00C04F79EFBC}") = "HostsManager", "HostsManager\HostsManager.csproj", "{992A2F60-F0BE-4969-9457-2E17605D0F0A}"
EndProject
Project("{FAE04EC0-301F-11D3-BF4B-00C04F79EFBC}") = "Model", "Model.cs\Model.csproj", "{721407EF-3BDF-4589-A7DE-6E12C9C1A05C}"
EndProject
Project("{FAE04EC0-301F-11D3-BF4B-00C04F79EFBC}") = "DevTest", "DevTest\DevTest.csproj", "{0F675428-B78D-485F-B199-C3B66BDF6B60}"
EndProject
Project("{FAE04EC0-301F-11D3-BF4B-00C04F79EFBC}") = "DevTool", "DevTool\DevTool.csproj", "{AE10F9CD-A025-4656-9B26-781C3538B20F}"
EndProject
Project("{6141683F-8A12-4E36-9623-2EB02B2C2303}") = "HostsToolSetup", "HostsToolSetup\HostsToolSetup.isproj", "{384A9112-3FF9-4ED9-AADC-578EBC50EDB3}"
EndProject
Global
	GlobalSection(SolutionConfigurationPlatforms) = preSolution
		CD_ROM|Any CPU = CD_ROM|Any CPU
		Debug|Any CPU = Debug|Any CPU
		DVD-5|Any CPU = DVD-5|Any CPU
		Release|Any CPU = Release|Any CPU
		SingleImage|Any CPU = SingleImage|Any CPU
	EndGlobalSection
	GlobalSection(ProjectConfigurationPlatforms) = postSolution
		{992A2F60-F0BE-4969-9457-2E17605D0F0A}.CD_ROM|Any CPU.ActiveCfg = Release|Any CPU
		{992A2F60-F0BE-4969-9457-2E17605D0F0A}.CD_ROM|Any CPU.Build.0 = Release|Any CPU
		{992A2F60-F0BE-4969-9457-2E17605D0F0A}.Debug|Any CPU.ActiveCfg = Debug|Any CPU
		{992A2F60-F0BE-4969-9457-2E17605D0F0A}.Debug|Any CPU.Build.0 = Debug|Any CPU
		{992A2F60-F0BE-4969-9457-2E17605D0F0A}.DVD-5|Any CPU.ActiveCfg = Debug|Any CPU
		{992A2F60-F0BE-4969-9457-2E17605D0F0A}.DVD-5|Any CPU.Build.0 = Debug|Any CPU
		{992A2F60-F0BE-4969-9457-2E17605D0F0A}.Release|Any CPU.ActiveCfg = Release|Any CPU
		{992A2F60-F0BE-4969-9457-2E17605D0F0A}.Release|Any CPU.Build.0 = Release|Any CPU
		{992A2F60-F0BE-4969-9457-2E17605D0F0A}.SingleImage|Any CPU.ActiveCfg = Release|Any CPU
		{992A2F60-F0BE-4969-9457-2E17605D0F0A}.SingleImage|Any CPU.Build.0 = Release|Any CPU
		{721407EF-3BDF-4589-A7DE-6E12C9C1A05C}.CD_ROM|Any CPU.ActiveCfg = Release|Any CPU
		{721407EF-3BDF-4589-A7DE-6E12C9C1A05C}.CD_ROM|Any CPU.Build.0 = Release|Any CPU
		{721407EF-3BDF-4589-A7DE-6E12C9C1A05C}.Debug|Any CPU.ActiveCfg = Debug|Any CPU
		{721407EF-3BDF-4589-A7DE-6E12C9C1A05C}.Debug|Any CPU.Build.0 = Debug|Any CPU
		{721407EF-3BDF-4589-A7DE-6E12C9C1A05C}.DVD-5|Any CPU.ActiveCfg = Debug|Any CPU
		{721407EF-3BDF-4589-A7DE-6E12C9C1A05C}.DVD-5|Any CPU.Build.0 = Debug|Any CPU
		{721407EF-3BDF-4589-A7DE-6E12C9C1A05C}.Release|Any CPU.ActiveCfg = Release|Any CPU
		{721407EF-3BDF-4589-A7DE-6E12C9C1A05C}.Release|Any CPU.Build.0 = Release|Any CPU
		{721407EF-3BDF-4589-A7DE-6E12C9C1A05C}.SingleImage|Any CPU.ActiveCfg = Release|Any CPU
		{721407EF-3BDF-4589-A7DE-6E12C9C1A05C}.SingleImage|Any CPU.Build.0 = Release|Any CPU
		{0F675428-B78D-485F-B199-C3B66BDF6B60}.CD_ROM|Any CPU.ActiveCfg = Release|Any CPU
		{0F675428-B78D-485F-B199-C3B66BDF6B60}.CD_ROM|Any CPU.Build.0 = Release|Any CPU
		{0F675428-B78D-485F-B199-C3B66BDF6B60}.Debug|Any CPU.ActiveCfg = Debug|Any CPU
		{0F675428-B78D-485F-B199-C3B66BDF6B60}.Debug|Any CPU.Build.0 = Debug|Any CPU
		{0F675428-B78D-485F-B199-C3B66BDF6B60}.DVD-5|Any CPU.ActiveCfg = Debug|Any CPU
		{0F675428-B78D-485F-B199-C3B66BDF6B60}.DVD-5|Any CPU.Build.0 = Debug|Any CPU
		{0F675428-B78D-485F-B199-C3B66BDF6B60}.Release|Any CPU.ActiveCfg = Release|Any CPU
		{0F675428-B78D-485F-B199-C3B66BDF6B60}.Release|Any CPU.Build.0 = Release|Any CPU
		{0F675428-B78D-485F-B199-C3B66BDF6B60}.SingleImage|Any CPU.ActiveCfg = Release|Any CPU
		{0F675428-B78D-485F-B199-C3B66BDF6B60}.SingleImage|Any CPU.Build.0 = Release|Any CPU
		{AE10F9CD-A025-4656-9B26-781C3538B20F}.CD_ROM|Any CPU.ActiveCfg = Release|Any CPU
		{AE10F9CD-A025-4656-9B26-781C3538B20F}.CD_ROM|Any CPU.Build.0 = Release|Any CPU
		{AE10F9CD-A025-4656-9B26-781C3538B20F}.Debug|Any CPU.ActiveCfg = Debug|Any CPU
		{AE10F9CD-A025-4656-9B26-781C3538B20F}.Debug|Any CPU.Build.0 = Debug|Any CPU
		{AE10F9CD-A025-4656-9B26-781C3538B20F}.DVD-5|Any CPU.ActiveCfg = Debug|Any CPU
		{AE10F9CD-A025-4656-9B26-781C3538B20F}.DVD-5|Any CPU.Build.0 = Debug|Any CPU
		{AE10F9CD-A025-4656-9B26-781C3538B20F}.Release|Any CPU.ActiveCfg = Debug|Any CPU
		{AE10F9CD-A025-4656-9B26-781C3538B20F}.Release|Any CPU.Build.0 = Debug|Any CPU
		{AE10F9CD-A025-4656-9B26-781C3538B20F}.SingleImage|Any CPU.ActiveCfg = Release|Any CPU
		{AE10F9CD-A025-4656-9B26-781C3538B20F}.SingleImage|Any CPU.Build.0 = Release|Any CPU
		{384A9112-3FF9-4ED9-AADC-578EBC50EDB3}.CD_ROM|Any CPU.ActiveCfg = CD_ROM
		{384A9112-3FF9-4ED9-AADC-578EBC50EDB3}.CD_ROM|Any CPU.Build.0 = CD_ROM
		{384A9112-3FF9-4ED9-AADC-578EBC50EDB3}.Debug|Any CPU.ActiveCfg = DVD-5
		{384A9112-3FF9-4ED9-AADC-578EBC50EDB3}.Debug|Any CPU.Build.0 = DVD-5
		{384A9112-3FF9-4ED9-AADC-578EBC50EDB3}.DVD-5|Any CPU.ActiveCfg = DVD-5
		{384A9112-3FF9-4ED9-AADC-578EBC50EDB3}.DVD-5|Any CPU.Build.0 = DVD-5
		{384A9112-3FF9-4ED9-AADC-578EBC50EDB3}.Release|Any CPU.ActiveCfg = SingleImage
		{384A9112-3FF9-4ED9-AADC-578EBC50EDB3}.Release|Any CPU.Build.0 = SingleImage
		{384A9112-3FF9-4ED9-AADC-578EBC50EDB3}.SingleImage|Any CPU.ActiveCfg = SingleImage
		{384A9112-3FF9-4ED9-AADC-578EBC50EDB3}.SingleImage|Any CPU.Build.0 = SingleImage
	EndGlobalSection
	GlobalSection(SolutionProperties) = preSolution
		HideSolutionNode = FALSE
	EndGlobalSection
EndGlobal
